
Microsoft Visual Studio Solution File, Format Version 12.00
# Visual Studio Version 17
VisualStudioVersion = 17.6.33723.286
MinimumVisualStudioVersion = 10.0.40219.1
Project("{FAE04EC0-301F-11D3-BF4B-00C04F79EFBC}") = "CollectionBasedAssessments", "CollectionBasedAssessments\CollectionBasedAssessments.csproj", "{04557E4A-9370-402B-874F-514710C63F9B}"
EndProject
Global
	GlobalSection(SolutionConfigurationPlatforms) = preSolution
		Debug|Any CPU = Debug|Any CPU
		Release|Any CPU = Release|Any CPU
	EndGlobalSection
	GlobalSection(ProjectConfigurationPlatforms) = postSolution
		{04557E4A-9370-402B-874F-514710C63F9B}.Debug|Any CPU.ActiveCfg = Debug|Any CPU
		{04557E4A-9370-402B-874F-514710C63F9B}.Debug|Any CPU.Build.0 = Debug|Any CPU
		{04557E4A-9370-402B-874F-514710C63F9B}.Release|Any CPU.ActiveCfg = Release|Any CPU
		{04557E4A-9370-402B-874F-514710C63F9B}.Release|Any CPU.Build.0 = Release|Any CPU
	EndGlobalSection
	GlobalSection(SolutionProperties) = preSolution
		HideSolutionNode = FALSE
	EndGlobalSection
	GlobalSection(ExtensibilityGlobals) = postSolution
		SolutionGuid = {B3C43BFD-7AE7-4242-8AF4-931485F8D659}
	EndGlobalSection
EndGlobal
